// !$*UTF8*$!
{
	archiveVersion = 1;
	classes = {
	};
	objectVersion = 46;
	objects = {

/* Begin PBXBuildFile section */
		9C78381918E742FA002157A7 /* Foundation.framework in Frameworks */ = {isa = PBXBuildFile; fileRef = 9C78381818E742FA002157A7 /* Foundation.framework */; };
		9C78381B18E742FA002157A7 /* CoreGraphics.framework in Frameworks */ = {isa = PBXBuildFile; fileRef = 9C78381A18E742FA002157A7 /* CoreGraphics.framework */; };
		9C78381D18E742FA002157A7 /* UIKit.framework in Frameworks */ = {isa = PBXBuildFile; fileRef = 9C78381C18E742FA002157A7 /* UIKit.framework */; };
		9C78382318E742FA002157A7 /* InfoPlist.strings in Resources */ = {isa = PBXBuildFile; fileRef = 9C78382118E742FA002157A7 /* InfoPlist.strings */; };
		9C78382518E742FA002157A7 /* main.m in Sources */ = {isa = PBXBuildFile; fileRef = 9C78382418E742FA002157A7 /* main.m */; };
		9C78382918E742FA002157A7 /* AppDelegate.m in Sources */ = {isa = PBXBuildFile; fileRef = 9C78382818E742FA002157A7 /* AppDelegate.m */; };
		9C78382C18E742FA002157A7 /* Main.storyboard in Resources */ = {isa = PBXBuildFile; fileRef = 9C78382A18E742FA002157A7 /* Main.storyboard */; };
		9C78382F18E742FA002157A7 /* ViewController.m in Sources */ = {isa = PBXBuildFile; fileRef = 9C78382E18E742FA002157A7 /* ViewController.m */; };
		9C78383118E742FA002157A7 /* Images.xcassets in Resources */ = {isa = PBXBuildFile; fileRef = 9C78383018E742FA002157A7 /* Images.xcassets */; };
		9C78383818E742FA002157A7 /* XCTest.framework in Frameworks */ = {isa = PBXBuildFile; fileRef = 9C78383718E742FA002157A7 /* XCTest.framework */; };
		9C78383918E742FA002157A7 /* Foundation.framework in Frameworks */ = {isa = PBXBuildFile; fileRef = 9C78381818E742FA002157A7 /* Foundation.framework */; };
		9C78383A18E742FA002157A7 /* UIKit.framework in Frameworks */ = {isa = PBXBuildFile; fileRef = 9C78381C18E742FA002157A7 /* UIKit.framework */; };
		9C78384218E742FA002157A7 /* InfoPlist.strings in Resources */ = {isa = PBXBuildFile; fileRef = 9C78384018E742FA002157A7 /* InfoPlist.strings */; };
		9C78384418E742FA002157A7 /* localNotificationTests.m in Sources */ = {isa = PBXBuildFile; fileRef = 9C78384318E742FA002157A7 /* localNotificationTests.m */; };
/* End PBXBuildFile section */

/* Begin PBXContainerItemProxy section */
		9C78383B18E742FA002157A7 /* PBXContainerItemProxy */ = {
			isa = PBXContainerItemProxy;
			containerPortal = 9C78380D18E742FA002157A7 /* Project object */;
			proxyType = 1;
			remoteGlobalIDString = 9C78381418E742FA002157A7;
			remoteInfo = localNotification;
		};
/* End PBXContainerItemProxy section */

/* Begin PBXFileReference section */
		9C78381518E742FA002157A7 /* localNotification.app */ = {isa = PBXFileReference; explicitFileType = wrapper.application; includeInIndex = 0; path = localNotification.app; sourceTree = BUILT_PRODUCTS_DIR; };
		9C78381818E742FA002157A7 /* Foundation.framework */ = {isa = PBXFileReference; lastKnownFileType = wrapper.framework; name = Foundation.framework; path = System/Library/Frameworks/Foundation.framework; sourceTree = SDKROOT; };
		9C78381A18E742FA002157A7 /* CoreGraphics.framework */ = {isa = PBXFileReference; lastKnownFileType = wrapper.framework; name = CoreGraphics.framework; path = System/Library/Frameworks/CoreGraphics.framework; sourceTree = SDKROOT; };
		9C78381C18E742FA002157A7 /* UIKit.framework */ = {isa = PBXFileReference; lastKnownFileType = wrapper.framework; name = UIKit.framework; path = System/Library/Frameworks/UIKit.framework; sourceTree = SDKROOT; };
		9C78382018E742FA002157A7 /* localNotification-Info.plist */ = {isa = PBXFileReference; lastKnownFileType = text.plist.xml; path = "localNotification-Info.plist"; sourceTree = "<group>"; };
		9C78382218E742FA002157A7 /* en */ = {isa = PBXFileReference; lastKnownFileType = text.plist.strings; name = en; path = en.lproj/InfoPlist.strings; sourceTree = "<group>"; };
		9C78382418E742FA002157A7 /* main.m */ = {isa = PBXFileReference; lastKnownFileType = sourcecode.c.objc; path = main.m; sourceTree = "<group>"; };
		9C78382618E742FA002157A7 /* localNotification-Prefix.pch */ = {isa = PBXFileReference; lastKnownFileType = sourcecode.c.h; path = "localNotification-Prefix.pch"; sourceTree = "<group>"; };
		9C78382718E742FA002157A7 /* AppDelegate.h */ = {isa = PBXFileReference; lastKnownFileType = sourcecode.c.h; path = AppDelegate.h; sourceTree = "<group>"; };
		9C78382818E742FA002157A7 /* AppDelegate.m */ = {isa = PBXFileReference; lastKnownFileType = sourcecode.c.objc; path = AppDelegate.m; sourceTree = "<group>"; };
		9C78382B18E742FA002157A7 /* Base */ = {isa = PBXFileReference; lastKnownFileType = file.storyboard; name = Base; path = Base.lproj/Main.storyboard; sourceTree = "<group>"; };
		9C78382D18E742FA002157A7 /* ViewController.h */ = {isa = PBXFileReference; lastKnownFileType = sourcecode.c.h; path = ViewController.h; sourceTree = "<group>"; };
		9C78382E18E742FA002157A7 /* ViewController.m */ = {isa = PBXFileReference; lastKnownFileType = sourcecode.c.objc; path = ViewController.m; sourceTree = "<group>"; };
		9C78383018E742FA002157A7 /* Images.xcassets */ = {isa = PBXFileReference; lastKnownFileType = folder.assetcatalog; path = Images.xcassets; sourceTree = "<group>"; };
		9C78383618E742FA002157A7 /* localNotificationTests.xctest */ = {isa = PBXFileReference; explicitFileType = wrapper.cfbundle; includeInIndex = 0; path = localNotificationTests.xctest; sourceTree = BUILT_PRODUCTS_DIR; };
		9C78383718E742FA002157A7 /* XCTest.framework */ = {isa = PBXFileReference; lastKnownFileType = wrapper.framework; name = XCTest.framework; path = Library/Frameworks/XCTest.framework; sourceTree = DEVELOPER_DIR; };
		9C78383F18E742FA002157A7 /* localNotificationTests-Info.plist */ = {isa = PBXFileReference; lastKnownFileType = text.plist.xml; path = "localNotificationTests-Info.plist"; sourceTree = "<group>"; };
		9C78384118E742FA002157A7 /* en */ = {isa = PBXFileReference; lastKnownFileType = text.plist.strings; name = en; path = en.lproj/InfoPlist.strings; sourceTree = "<group>"; };
		9C78384318E742FA002157A7 /* localNotificationTests.m */ = {isa = PBXFileReference; lastKnownFileType = sourcecode.c.objc; path = localNotificationTests.m; sourceTree = "<group>"; };
/* End PBXFileReference section */

/* Begin PBXFrameworksBuildPhase section */
		9C78381218E742FA002157A7 /* Frameworks */ = {
			isa = PBXFrameworksBuildPhase;
			buildActionMask = 2147483647;
			files = (
				9C78381B18E742FA002157A7 /* CoreGraphics.framework in Frameworks */,
				9C78381D18E742FA002157A7 /* UIKit.framework in Frameworks */,
				9C78381918E742FA002157A7 /* Foundation.framework in Frameworks */,
			);
			runOnlyForDeploymentPostprocessing = 0;
		};
		9C78383318E742FA002157A7 /* Frameworks */ = {
			isa = PBXFrameworksBuildPhase;
			buildActionMask = 2147483647;
			files = (
				9C78383818E742FA002157A7 /* XCTest.framework in Frameworks */,
				9C78383A18E742FA002157A7 /* UIKit.framework in Frameworks */,
				9C78383918E742FA002157A7 /* Foundation.framework in Frameworks */,
			);
			runOnlyForDeploymentPostprocessing = 0;
		};
/* End PBXFrameworksBuildPhase section */

/* Begin PBXGroup section */
		9C78380C18E742FA002157A7 = {
			isa = PBXGroup;
			children = (
				9C78381E18E742FA002157A7 /* localNotification */,
				9C78383D18E742FA002157A7 /* localNotificationTests */,
				9C78381718E742FA002157A7 /* Frameworks */,
				9C78381618E742FA002157A7 /* Products */,
			);
			sourceTree = "<group>";
		};
		9C78381618E742FA002157A7 /* Products */ = {
			isa = PBXGroup;
			children = (
				9C78381518E742FA002157A7 /* localNotification.app */,
				9C78383618E742FA002157A7 /* localNotificationTests.xctest */,
			);
			name = Products;
			sourceTree = "<group>";
		};
		9C78381718E742FA002157A7 /* Frameworks */ = {
			isa = PBXGroup;
			children = (
				9C78381818E742FA002157A7 /* Foundation.framework */,
				9C78381A18E742FA002157A7 /* CoreGraphics.framework */,
				9C78381C18E742FA002157A7 /* UIKit.framework */,
				9C78383718E742FA002157A7 /* XCTest.framework */,
			);
			name = Frameworks;
			sourceTree = "<group>";
		};
		9C78381E18E742FA002157A7 /* localNotification */ = {
			isa = PBXGroup;
			children = (
				9C78382718E742FA002157A7 /* AppDelegate.h */,
				9C78382818E742FA002157A7 /* AppDelegate.m */,
				9C78382A18E742FA002157A7 /* Main.storyboard */,
				9C78382D18E742FA002157A7 /* ViewController.h */,
				9C78382E18E742FA002157A7 /* ViewController.m */,
				9C78383018E742FA002157A7 /* Images.xcassets */,
				9C78381F18E742FA002157A7 /* Supporting Files */,
			);
			path = localNotification;
			sourceTree = "<group>";
		};
		9C78381F18E742FA002157A7 /* Supporting Files */ = {
			isa = PBXGroup;
			children = (
				9C78382018E742FA002157A7 /* localNotification-Info.plist */,
				9C78382118E742FA002157A7 /* InfoPlist.strings */,
				9C78382418E742FA002157A7 /* main.m */,
				9C78382618E742FA002157A7 /* localNotification-Prefix.pch */,
			);
			name = "Supporting Files";
			sourceTree = "<group>";
		};
		9C78383D18E742FA002157A7 /* localNotificationTests */ = {
			isa = PBXGroup;
			children = (
				9C78384318E742FA002157A7 /* localNotificationTests.m */,
				9C78383E18E742FA002157A7 /* Supporting Files */,
			);
			path = localNotificationTests;
			sourceTree = "<group>";
		};
		9C78383E18E742FA002157A7 /* Supporting Files */ = {
			isa = PBXGroup;
			children = (
				9C78383F18E742FA002157A7 /* localNotificationTests-Info.plist */,
				9C78384018E742FA002157A7 /* InfoPlist.strings */,
			);
			name = "Supporting Files";
			sourceTree = "<group>";
		};
/* End PBXGroup section */

/* Begin PBXNativeTarget section */
		9C78381418E742FA002157A7 /* localNotification */ = {
			isa = PBXNativeTarget;
			buildConfigurationList = 9C78384718E742FA002157A7 /* Build configuration list for PBXNativeTarget "localNotification" */;
			buildPhases = (
				9C78381118E742FA002157A7 /* Sources */,
				9C78381218E742FA002157A7 /* Frameworks */,
				9C78381318E742FA002157A7 /* Resources */,
			);
			buildRules = (
			);
			dependencies = (
			);
			name = localNotification;
			productName = localNotification;
			productReference = 9C78381518E742FA002157A7 /* localNotification.app */;
			productType = "com.apple.product-type.application";
		};
		9C78383518E742FA002157A7 /* localNotificationTests */ = {
			isa = PBXNativeTarget;
			buildConfigurationList = 9C78384A18E742FA002157A7 /* Build configuration list for PBXNativeTarget "localNotificationTests" */;
			buildPhases = (
				9C78383218E742FA002157A7 /* Sources */,
				9C78383318E742FA002157A7 /* Frameworks */,
				9C78383418E742FA002157A7 /* Resources */,
			);
			buildRules = (
			);
			dependencies = (
				9C78383C18E742FA002157A7 /* PBXTargetDependency */,
			);
			name = localNotificationTests;
			productName = localNotificationTests;
			productReference = 9C78383618E742FA002157A7 /* localNotificationTests.xctest */;
			productType = "com.apple.product-type.bundle.unit-test";
		};
/* End PBXNativeTarget section */

/* Begin PBXProject section */
		9C78380D18E742FA002157A7 /* Project object */ = {
			isa = PBXProject;
			attributes = {
				LastUpgradeCheck = 0510;
				ORGANIZATIONNAME = "Marcelo Sampaio";
				TargetAttributes = {
					9C78383518E742FA002157A7 = {
						TestTargetID = 9C78381418E742FA002157A7;
					};
				};
			};
			buildConfigurationList = 9C78381018E742FA002157A7 /* Build configuration list for PBXProject "localNotification" */;
			compatibilityVersion = "Xcode 3.2";
			developmentRegion = English;
			hasScannedForEncodings = 0;
			knownRegions = (
				en,
				Base,
			);
			mainGroup = 9C78380C18E742FA002157A7;
			productRefGroup = 9C78381618E742FA002157A7 /* Products */;
			projectDirPath = "";
			projectRoot = "";
			targets = (
				9C78381418E742FA002157A7 /* localNotification */,
				9C78383518E742FA002157A7 /* localNotificationTests */,
			);
		};
/* End PBXProject section */

/* Begin PBXResourcesBuildPhase section */
		9C78381318E742FA002157A7 /* Resources */ = {
			isa = PBXResourcesBuildPhase;
			buildActionMask = 2147483647;
			files = (
				9C78383118E742FA002157A7 /* Images.xcassets in Resources */,
				9C78382318E742FA002157A7 /* InfoPlist.strings in Resources */,
				9C78382C18E742FA002157A7 /* Main.storyboard in Resources */,
			);
			runOnlyForDeploymentPostprocessing = 0;
		};
		9C78383418E742FA002157A7 /* Resources */ = {
			isa = PBXResourcesBuildPhase;
			buildActionMask = 2147483647;
			files = (
				9C78384218E742FA002157A7 /* InfoPlist.strings in Resources */,
			);
			runOnlyForDeploymentPostprocessing = 0;
		};
/* End PBXResourcesBuildPhase section */

/* Begin PBXSourcesBuildPhase section */
		9C78381118E742FA002157A7 /* Sources */ = {
			isa = PBXSourcesBuildPhase;
			buildActionMask = 2147483647;
			files = (
				9C78382F18E742FA002157A7 /* ViewController.m in Sources */,
				9C78382918E742FA002157A7 /* AppDelegate.m in Sources */,
				9C78382518E742FA002157A7 /* main.m in Sources */,
			);
			runOnlyForDeploymentPostprocessing = 0;
		};
		9C78383218E742FA002157A7 /* Sources */ = {
			isa = PBXSourcesBuildPhase;
			buildActionMask = 2147483647;
			files = (
				9C78384418E742FA002157A7 /* localNotificationTests.m in Sources */,
			);
			runOnlyForDeploymentPostprocessing = 0;
		};
/* End PBXSourcesBuildPhase section */

/* Begin PBXTargetDependency section */
		9C78383C18E742FA002157A7 /* PBXTargetDependency */ = {
			isa = PBXTargetDependency;
			target = 9C78381418E742FA002157A7 /* localNotification */;
			targetProxy = 9C78383B18E742FA002157A7 /* PBXContainerItemProxy */;
		};
/* End PBXTargetDependency section */

/* Begin PBXVariantGroup section */
		9C78382118E742FA002157A7 /* InfoPlist.strings */ = {
			isa = PBXVariantGroup;
			children = (
				9C78382218E742FA002157A7 /* en */,
			);
			name = InfoPlist.strings;
			sourceTree = "<group>";
		};
		9C78382A18E742FA002157A7 /* Main.storyboard */ = {
			isa = PBXVariantGroup;
			children = (
				9C78382B18E742FA002157A7 /* Base */,
			);
			name = Main.storyboard;
			sourceTree = "<group>";
		};
		9C78384018E742FA002157A7 /* InfoPlist.strings */ = {
			isa = PBXVariantGroup;
			children = (
				9C78384118E742FA002157A7 /* en */,
			);
			name = InfoPlist.strings;
			sourceTree = "<group>";
		};
/* End PBXVariantGroup section */

/* Begin XCBuildConfiguration section */
		9C78384518E742FA002157A7 /* Debug */ = {
			isa = XCBuildConfiguration;
			buildSettings = {
				ALWAYS_SEARCH_USER_PATHS = NO;
				CLANG_CXX_LANGUAGE_STANDARD = "gnu++0x";
				CLANG_CXX_LIBRARY = "libc++";
				CLANG_ENABLE_MODULES = YES;
				CLANG_ENABLE_OBJC_ARC = YES;
				CLANG_WARN_BOOL_CONVERSION = YES;
				CLANG_WARN_CONSTANT_CONVERSION = YES;
				CLANG_WARN_DIRECT_OBJC_ISA_USAGE = YES_ERROR;
				CLANG_WARN_EMPTY_BODY = YES;
				CLANG_WARN_ENUM_CONVERSION = YES;
				CLANG_WARN_INT_CONVERSION = YES;
				CLANG_WARN_OBJC_ROOT_CLASS = YES_ERROR;
				CLANG_WARN__DUPLICATE_METHOD_MATCH = YES;
				"CODE_SIGN_IDENTITY[sdk=iphoneos*]" = "iPhone Developer";
				COPY_PHASE_STRIP = NO;
				GCC_C_LANGUAGE_STANDARD = gnu99;
				GCC_DYNAMIC_NO_PIC = NO;
				GCC_OPTIMIZATION_LEVEL = 0;
				GCC_PREPROCESSOR_DEFINITIONS = (
					"DEBUG=1",
					"$(inherited)",
				);
				GCC_SYMBOLS_PRIVATE_EXTERN = NO;
				GCC_WARN_64_TO_32_BIT_CONVERSION = YES;
				GCC_WARN_ABOUT_RETURN_TYPE = YES_ERROR;
				GCC_WARN_UNDECLARED_SELECTOR = YES;
				GCC_WARN_UNINITIALIZED_AUTOS = YES_AGGRESSIVE;
				GCC_WARN_UNUSED_FUNCTION = YES;
				GCC_WARN_UNUSED_VARIABLE = YES;
				IPHONEOS_DEPLOYMENT_TARGET = 7.1;
				ONLY_ACTIVE_ARCH = YES;
				SDKROOT = iphoneos;
			};
			name = Debug;
		};
		9C78384618E742FA002157A7 /* Release */ = {
			isa = XCBuildConfiguration;
			buildSettings = {
				ALWAYS_SEARCH_USER_PATHS = NO;
				CLANG_CXX_LANGUAGE_STANDARD = "gnu++0x";
				CLANG_CXX_LIBRARY = "libc++";
				CLANG_ENABLE_MODULES = YES;
				CLANG_ENABLE_OBJC_ARC = YES;
				CLANG_WARN_BOOL_CONVERSION = YES;
				CLANG_WARN_CONSTANT_CONVERSION = YES;
				CLANG_WARN_DIRECT_OBJC_ISA_USAGE = YES_ERROR;
				CLANG_WARN_EMPTY_BODY = YES;
				CLANG_WARN_ENUM_CONVERSION = YES;
				CLANG_WARN_INT_CONVERSION = YES;
				CLANG_WARN_OBJC_ROOT_CLASS = YES_ERROR;
				CLANG_WARN__DUPLICATE_METHOD_MATCH = YES;
				"CODE_SIGN_IDENTITY[sdk=iphoneos*]" = "iPhone Developer";
				COPY_PHASE_STRIP = YES;
				ENABLE_NS_ASSERTIONS = NO;
				GCC_C_LANGUAGE_STANDARD = gnu99;
				GCC_WARN_64_TO_32_BIT_CONVERSION = YES;
				GCC_WARN_ABOUT_RETURN_TYPE = YES_ERROR;
				GCC_WARN_UNDECLARED_SELECTOR = YES;
				GCC_WARN_UNINITIALIZED_AUTOS = YES_AGGRESSIVE;
				GCC_WARN_UNUSED_FUNCTION = YES;
				GCC_WARN_UNUSED_VARIABLE = YES;
				IPHONEOS_DEPLOYMENT_TARGET = 7.1;
				SDKROOT = iphoneos;
				VALIDATE_PRODUCT = YES;
			};
			name = Release;
		};
		9C78384818E742FA002157A7 /* Debug */ = {
			isa = XCBuildConfiguration;
			buildSettings = {
				ASSETCATALOG_COMPILER_APPICON_NAME = AppIcon;
				ASSETCATALOG_COMPILER_LAUNCHIMAGE_NAME = LaunchImage;
				GCC_PRECOMPILE_PREFIX_HEADER = YES;
				GCC_PREFIX_HEADER = "localNotification/localNotification-Prefix.pch";
				INFOPLIST_FILE = "localNotification/localNotification-Info.plist";
				PRODUCT_NAME = "$(TARGET_NAME)";
				WRAPPER_EXTENSION = app;
			};
			name = Debug;
		};
		9C78384918E742FA002157A7 /* Release */ = {
			isa = XCBuildConfiguration;
			buildSettings = {
				ASSETCATALOG_COMPILER_APPICON_NAME = AppIcon;
				ASSETCATALOG_COMPILER_LAUNCHIMAGE_NAME = LaunchImage;
				GCC_PRECOMPILE_PREFIX_HEADER = YES;
				GCC_PREFIX_HEADER = "localNotification/localNotification-Prefix.pch";
				INFOPLIST_FILE = "localNotification/localNotification-Info.plist";
				PRODUCT_NAME = "$(TARGET_NAME)";
				WRAPPER_EXTENSION = app;
			};
			name = Release;
		};
		9C78384B18E742FA002157A7 /* Debug */ = {
			isa = XCBuildConfiguration;
			buildSettings = {
				BUNDLE_LOADER = "$(BUILT_PRODUCTS_DIR)/localNotification.app/localNotification";
				FRAMEWORK_SEARCH_PATHS = (
					"$(SDKROOT)/Developer/Library/Frameworks",
					"$(inherited)",
					"$(DEVELOPER_FRAMEWORKS_DIR)",
				);
				GCC_PRECOMPILE_PREFIX_HEADER = YES;
				GCC_PREFIX_HEADER = "localNotification/localNotification-Prefix.pch";
				GCC_PREPROCESSOR_DEFINITIONS = (
					"DEBUG=1",
					"$(inherited)",
				);
				INFOPLIST_FILE = "localNotificationTests/localNotificationTests-Info.plist";
				PRODUCT_NAME = "$(TARGET_NAME)";
				TEST_HOST = "$(BUNDLE_LOADER)";
				WRAPPER_EXTENSION = xctest;
			};
			name = Debug;
		};
		9C78384C18E742FA002157A7 /* Release */ = {
			isa = XCBuildConfiguration;
			buildSettings = {
				BUNDLE_LOADER = "$(BUILT_PRODUCTS_DIR)/localNotification.app/localNotification";
				FRAMEWORK_SEARCH_PATHS = (
					"$(SDKROOT)/Developer/Library/Frameworks",
					"$(inherited)",
					"$(DEVELOPER_FRAMEWORKS_DIR)",
				);
				GCC_PRECOMPILE_PREFIX_HEADER = YES;
				GCC_PREFIX_HEADER = "localNotification/localNotification-Prefix.pch";
				INFOPLIST_FILE = "localNotificationTests/localNotificationTests-Info.plist";
				PRODUCT_NAME = "$(TARGET_NAME)";
				TEST_HOST = "$(BUNDLE_LOADER)";
				WRAPPER_EXTENSION = xctest;
			};
			name = Release;
		};
/* End XCBuildConfiguration section */

/* Begin XCConfigurationList section */
		9C78381018E742FA002157A7 /* Build configuration list for PBXProject "localNotification" */ = {
			isa = XCConfigurationList;
			buildConfigurations = (
				9C78384518E742FA002157A7 /* Debug */,
				9C78384618E742FA002157A7 /* Release */,
			);
			defaultConfigurationIsVisible = 0;
			defaultConfigurationName = Release;
		};
		9C78384718E742FA002157A7 /* Build configuration list for PBXNativeTarget "localNotification" */ = {
			isa = XCConfigurationList;
			buildConfigurations = (
				9C78384818E742FA002157A7 /* Debug */,
				9C78384918E742FA002157A7 /* Release */,
			);
			defaultConfigurationIsVisible = 0;
		};
		9C78384A18E742FA002157A7 /* Build configuration list for PBXNativeTarget "localNotificationTests" */ = {
			isa = XCConfigurationList;
			buildConfigurations = (
				9C78384B18E742FA002157A7 /* Debug */,
				9C78384C18E742FA002157A7 /* Release */,
			);
			defaultConfigurationIsVisible = 0;
		};
/* End XCConfigurationList section */
	};
	rootObject = 9C78380D18E742FA002157A7 /* Project object */;
}
